
Microsoft Visual Studio Solution File, Format Version 12.00
# Visual Studio Version 16
VisualStudioVersion = 16.0.28803.452
MinimumVisualStudioVersion = 10.0.40219.1
Project("{FAE04EC0-301F-11D3-BF4B-00C04F79EFBC}") = "WpfApp8", "WpfApp8\WpfApp8.csproj", "{FF9A3D0A-1583-4FD2-9251-AD538C171F92}"
EndProject
Global
	GlobalSection(SolutionConfigurationPlatforms) = preSolution
		Debug|Any CPU = Debug|Any CPU
		Release|Any CPU = Release|Any CPU
	EndGlobalSection
	GlobalSection(ProjectConfigurationPlatforms) = postSolution
		{FF9A3D0A-1583-4FD2-9251-AD538C171F92}.Debug|Any CPU.ActiveCfg = Debug|Any CPU
		{FF9A3D0A-1583-4FD2-9251-AD538C171F92}.Debug|Any CPU.Build.0 = Debug|Any CPU
		{FF9A3D0A-1583-4FD2-9251-AD538C171F92}.Release|Any CPU.ActiveCfg = Release|Any CPU
		{FF9A3D0A-1583-4FD2-9251-AD538C171F92}.Release|Any CPU.Build.0 = Release|Any CPU
	EndGlobalSection
	GlobalSection(SolutionProperties) = preSolution
		HideSolutionNode = FALSE
	EndGlobalSection
	GlobalSection(ExtensibilityGlobals) = postSolution
		SolutionGuid = {54329179-7D6D-41F0-A3EF-DE3AA6D74ADA}
	EndGlobalSection
EndGlobal
